{
  "name": "n4m-ts",
  "version": "0.0.0",
  "lockfileVersion": 2,
  "requires": true,
  "packages": {
    "": {
      "name": "n4m-ts",
      "version": "0.0.0",
      "license": "ISC",
      "devDependencies": {
        "@types/max-api": "^2.0.0",
        "@types/node": "^16.18.23",
        "typescript": "^5.0.3"
      }
    },
    "node_modules/@types/max-api": {
      "version": "2.0.0",
      "resolved": "https://registry.npmjs.org/@types/max-api/-/max-api-2.0.0.tgz",
      "integrity": "sha512-0CX7CzBuSkfphE0Zanmz/Ehpgcd4xS8okP1elII9nx4U7EJ7U9MhuymObISjHxDMwX8HhKbLQoPWXoHEsZRHlA==",
      "dev": true
    },
    "node_modules/@types/node": {
      "version": "16.18.23",
      "resolved": "https://registry.npmjs.org/@types/node/-/node-16.18.23.tgz",
      "integrity": "sha512-XAMpaw1s1+6zM+jn2tmw8MyaRDIJfXxqmIQIS0HfoGYPuf7dUWeiUKopwq13KFX9lEp1+THGtlaaYx39Nxr58g==",
      "dev": true
    },
    "node_modules/typescript": {
      "version": "5.0.3",
      "resolved": "https://registry.npmjs.org/typescript/-/typescript-5.0.3.tgz",
      "integrity": "sha512-xv8mOEDnigb/tN9PSMTwSEqAnUvkoXMQlicOb0IUVDBSQCgBSaAAROUZYy2IcUy5qU6XajK5jjjO7TMWqBTKZA==",
      "dev": true,
      "bin": {
        "tsc": "bin/tsc",
        "tsserver": "bin/tsserver"
      },
      "engines": {
        "node": ">=12.20"
      }
    }
  },
  "dependencies": {
    "@types/max-api": {
      "version": "2.0.0",
      "resolved": "https://registry.npmjs.org/@types/max-api/-/max-api-2.0.0.tgz",
      "integrity": "sha512-0CX7CzBuSkfphE0Zanmz/Ehpgcd4xS8okP1elII9nx4U7EJ7U9MhuymObISjHxDMwX8HhKbLQoPWXoHEsZRHlA==",
      "dev": true
    },
    "@types/node": {
      "version": "16.18.23",
      "resolved": "https://registry.npmjs.org/@types/node/-/node-16.18.23.tgz",
      "integrity": "sha512-XAMpaw1s1+6zM+jn2tmw8MyaRDIJfXxqmIQIS0HfoGYPuf7dUWeiUKopwq13KFX9lEp1+THGtlaaYx39Nxr58g==",
      "dev": true
    },
    "typescript": {
      "version": "5.0.3",
      "resolved": "https://registry.npmjs.org/typescript/-/typescript-5.0.3.tgz",
      "integrity": "sha512-xv8mOEDnigb/tN9PSMTwSEqAnUvkoXMQlicOb0IUVDBSQCgBSaAAROUZYy2IcUy5qU6XajK5jjjO7TMWqBTKZA==",
      "dev": true
    }
  }
}
